GIT
  remote: https://github.com/AnsibleShipyard/ansible-zookeeper
  ref: master
  sha: 2b7c9f6bb7542fdea397a6c17d4e21dcc1ff0c62
  specs:
    ansible-marathon (0.0.0)
    ansible-mesos (0.0.0)
    ansible-zookeeper (0.0.0)

GIT
  remote: https://github.com/geerlingguy/ansible-role-nginx
  ref: master
  sha: 357ab200f755483e95e2ae4d5b97f483beade3b5
  specs:
    geerlingguy.nginx (0.0.0)

GIT
  remote: https://github.com/jlund/ansible-go
  ref: master
  sha: f07932b2fa5a787ae4194a77606e1c08e0b63878
  specs:
    joshualund.golang (0.0.0)

GIT
  remote: https://github.com/mhamrah/ansible-docker
  ref: master
  sha: 5f6cea50da4a3fb708a1fa06a7bb78c3753a2a4d
  specs:
    ansible-docker (0.0.0)

GIT
  remote: https://github.com/mhamrah/ansible-java8
  ref: master
  sha: ee480e95fcdf16550f49472044560ff7a664b95a
  specs:
    ansible-java8 (0.0.0)

GIT
  remote: https://github.com/savagegus/ansible-consul
  ref: master
  sha: 5a0ba106e2794b6268e6d9f2634a2ef168c801da
  specs:
    ansible-consul (0.0.0)

GIT
  remote: https://github.com/weareinteractive/ansible-nginx
  ref: master
  sha: 830eabb9b348800651fb8a2d525e64118519ae20
  specs:
    franklinkim.nginx (0.0.0)

DEPENDENCIES
  ansible-consul (>= 0)
  ansible-docker (>= 0)
  ansible-java8 (>= 0)
  ansible-marathon (>= 0)
  ansible-mesos (>= 0)
  ansible-zookeeper (>= 0)
  franklinkim.nginx (>= 0)
  geerlingguy.nginx (>= 0)
  joshualund.golang (>= 0)

